// !$*UTF8*$!
{
	archiveVersion = 1;
	classes = {
	};
	objectVersion = 46;
	objects = {

/* Begin PBXBuildFile section */
		84AC67BC184EACC40025B393 /* Foundation.framework in Frameworks */ = {isa = PBXBuildFile; fileRef = 84AC67BB184EACC40025B393 /* Foundation.framework */; };
		84AC67BE184EACC40025B393 /* CoreGraphics.framework in Frameworks */ = {isa = PBXBuildFile; fileRef = 84AC67BD184EACC40025B393 /* CoreGraphics.framework */; };
		84AC67C0184EACC40025B393 /* UIKit.framework in Frameworks */ = {isa = PBXBuildFile; fileRef = 84AC67BF184EACC40025B393 /* UIKit.framework */; };
		84AC67C6184EACC40025B393 /* InfoPlist.strings in Resources */ = {isa = PBXBuildFile; fileRef = 84AC67C4184EACC40025B393 /* InfoPlist.strings */; };
		84AC67C8184EACC40025B393 /* main.m in Sources */ = {isa = PBXBuildFile; fileRef = 84AC67C7184EACC40025B393 /* main.m */; };
		84AC67CC184EACC40025B393 /* AppDelegate.m in Sources */ = {isa = PBXBuildFile; fileRef = 84AC67CB184EACC40025B393 /* AppDelegate.m */; };
		84AC67CF184EACC40025B393 /* Main_iPhone.storyboard in Resources */ = {isa = PBXBuildFile; fileRef = 84AC67CD184EACC40025B393 /* Main_iPhone.storyboard */; };
		84AC67D2184EACC40025B393 /* Main_iPad.storyboard in Resources */ = {isa = PBXBuildFile; fileRef = 84AC67D0184EACC40025B393 /* Main_iPad.storyboard */; };
		84AC67D5184EACC40025B393 /* ViewController.m in Sources */ = {isa = PBXBuildFile; fileRef = 84AC67D4184EACC40025B393 /* ViewController.m */; };
		84AC67D7184EACC40025B393 /* Images.xcassets in Resources */ = {isa = PBXBuildFile; fileRef = 84AC67D6184EACC40025B393 /* Images.xcassets */; };
		84AC67DE184EACC40025B393 /* XCTest.framework in Frameworks */ = {isa = PBXBuildFile; fileRef = 84AC67DD184EACC40025B393 /* XCTest.framework */; };
		84AC67DF184EACC40025B393 /* Foundation.framework in Frameworks */ = {isa = PBXBuildFile; fileRef = 84AC67BB184EACC40025B393 /* Foundation.framework */; };
		84AC67E0184EACC40025B393 /* UIKit.framework in Frameworks */ = {isa = PBXBuildFile; fileRef = 84AC67BF184EACC40025B393 /* UIKit.framework */; };
		84AC67E8184EACC40025B393 /* InfoPlist.strings in Resources */ = {isa = PBXBuildFile; fileRef = 84AC67E6184EACC40025B393 /* InfoPlist.strings */; };
		84AC67EA184EACC40025B393 /* R_DesignPatterns_GOF_Tests.m in Sources */ = {isa = PBXBuildFile; fileRef = 84AC67E9184EACC40025B393 /* R_DesignPatterns_GOF_Tests.m */; };
/* End PBXBuildFile section */

/* Begin PBXContainerItemProxy section */
		84AC67E1184EACC40025B393 /* PBXContainerItemProxy */ = {
			isa = PBXContainerItemProxy;
			containerPortal = 84AC67B0184EACC40025B393 /* Project object */;
			proxyType = 1;
			remoteGlobalIDString = 84AC67B7184EACC40025B393;
			remoteInfo = "R_DesignPatterns(GOF)";
		};
/* End PBXContainerItemProxy section */

/* Begin PBXFileReference section */
		84AC67B8184EACC40025B393 /* R_DesignPatterns(GOF).app */ = {isa = PBXFileReference; explicitFileType = wrapper.application; includeInIndex = 0; path = "R_DesignPatterns(GOF).app"; sourceTree = BUILT_PRODUCTS_DIR; };
		84AC67BB184EACC40025B393 /* Foundation.framework */ = {isa = PBXFileReference; lastKnownFileType = wrapper.framework; name = Foundation.framework; path = System/Library/Frameworks/Foundation.framework; sourceTree = SDKROOT; };
		84AC67BD184EACC40025B393 /* CoreGraphics.framework */ = {isa = PBXFileReference; lastKnownFileType = wrapper.framework; name = CoreGraphics.framework; path = System/Library/Frameworks/CoreGraphics.framework; sourceTree = SDKROOT; };
		84AC67BF184EACC40025B393 /* UIKit.framework */ = {isa = PBXFileReference; lastKnownFileType = wrapper.framework; name = UIKit.framework; path = System/Library/Frameworks/UIKit.framework; sourceTree = SDKROOT; };
		84AC67C3184EACC40025B393 /* R_DesignPatterns(GOF)-Info.plist */ = {isa = PBXFileReference; lastKnownFileType = text.plist.xml; path = "R_DesignPatterns(GOF)-Info.plist"; sourceTree = "<group>"; };
		84AC67C5184EACC40025B393 /* en */ = {isa = PBXFileReference; lastKnownFileType = text.plist.strings; name = en; path = en.lproj/InfoPlist.strings; sourceTree = "<group>"; };
		84AC67C7184EACC40025B393 /* main.m */ = {isa = PBXFileReference; lastKnownFileType = sourcecode.c.objc; path = main.m; sourceTree = "<group>"; };
		84AC67C9184EACC40025B393 /* R_DesignPatterns(GOF)-Prefix.pch */ = {isa = PBXFileReference; lastKnownFileType = sourcecode.c.h; path = "R_DesignPatterns(GOF)-Prefix.pch"; sourceTree = "<group>"; };
		84AC67CA184EACC40025B393 /* AppDelegate.h */ = {isa = PBXFileReference; lastKnownFileType = sourcecode.c.h; path = AppDelegate.h; sourceTree = "<group>"; };
		84AC67CB184EACC40025B393 /* AppDelegate.m */ = {isa = PBXFileReference; lastKnownFileType = sourcecode.c.objc; path = AppDelegate.m; sourceTree = "<group>"; };
		84AC67CE184EACC40025B393 /* Base */ = {isa = PBXFileReference; lastKnownFileType = file.storyboard; name = Base; path = Base.lproj/Main_iPhone.storyboard; sourceTree = "<group>"; };
		84AC67D1184EACC40025B393 /* Base */ = {isa = PBXFileReference; lastKnownFileType = file.storyboard; name = Base; path = Base.lproj/Main_iPad.storyboard; sourceTree = "<group>"; };
		84AC67D3184EACC40025B393 /* ViewController.h */ = {isa = PBXFileReference; lastKnownFileType = sourcecode.c.h; path = ViewController.h; sourceTree = "<group>"; };
		84AC67D4184EACC40025B393 /* ViewController.m */ = {isa = PBXFileReference; lastKnownFileType = sourcecode.c.objc; path = ViewController.m; sourceTree = "<group>"; };
		84AC67D6184EACC40025B393 /* Images.xcassets */ = {isa = PBXFileReference; lastKnownFileType = folder.assetcatalog; path = Images.xcassets; sourceTree = "<group>"; };
		84AC67DC184EACC40025B393 /* R_DesignPatterns(GOF)Tests.xctest */ = {isa = PBXFileReference; explicitFileType = wrapper.cfbundle; includeInIndex = 0; path = "R_DesignPatterns(GOF)Tests.xctest"; sourceTree = BUILT_PRODUCTS_DIR; };
		84AC67DD184EACC40025B393 /* XCTest.framework */ = {isa = PBXFileReference; lastKnownFileType = wrapper.framework; name = XCTest.framework; path = Library/Frameworks/XCTest.framework; sourceTree = DEVELOPER_DIR; };
		84AC67E5184EACC40025B393 /* R_DesignPatterns(GOF)Tests-Info.plist */ = {isa = PBXFileReference; lastKnownFileType = text.plist.xml; path = "R_DesignPatterns(GOF)Tests-Info.plist"; sourceTree = "<group>"; };
		84AC67E7184EACC40025B393 /* en */ = {isa = PBXFileReference; lastKnownFileType = text.plist.strings; name = en; path = en.lproj/InfoPlist.strings; sourceTree = "<group>"; };
		84AC67E9184EACC40025B393 /* R_DesignPatterns_GOF_Tests.m */ = {isa = PBXFileReference; lastKnownFileType = sourcecode.c.objc; path = R_DesignPatterns_GOF_Tests.m; sourceTree = "<group>"; };
/* End PBXFileReference section */

/* Begin PBXFrameworksBuildPhase section */
		84AC67B5184EACC40025B393 /* Frameworks */ = {
			isa = PBXFrameworksBuildPhase;
			buildActionMask = 2147483647;
			files = (
				84AC67BE184EACC40025B393 /* CoreGraphics.framework in Frameworks */,
				84AC67C0184EACC40025B393 /* UIKit.framework in Frameworks */,
				84AC67BC184EACC40025B393 /* Foundation.framework in Frameworks */,
			);
			runOnlyForDeploymentPostprocessing = 0;
		};
		84AC67D9184EACC40025B393 /* Frameworks */ = {
			isa = PBXFrameworksBuildPhase;
			buildActionMask = 2147483647;
			files = (
				84AC67DE184EACC40025B393 /* XCTest.framework in Frameworks */,
				84AC67E0184EACC40025B393 /* UIKit.framework in Frameworks */,
				84AC67DF184EACC40025B393 /* Foundation.framework in Frameworks */,
			);
			runOnlyForDeploymentPostprocessing = 0;
		};
/* End PBXFrameworksBuildPhase section */

/* Begin PBXGroup section */
		84AC67AF184EACC40025B393 = {
			isa = PBXGroup;
			children = (
				84AC67C1184EACC40025B393 /* R_DesignPatterns(GOF) */,
				84AC67E3184EACC40025B393 /* R_DesignPatterns(GOF)Tests */,
				84AC67BA184EACC40025B393 /* Frameworks */,
				84AC67B9184EACC40025B393 /* Products */,
			);
			sourceTree = "<group>";
		};
		84AC67B9184EACC40025B393 /* Products */ = {
			isa = PBXGroup;
			children = (
				84AC67B8184EACC40025B393 /* R_DesignPatterns(GOF).app */,
				84AC67DC184EACC40025B393 /* R_DesignPatterns(GOF)Tests.xctest */,
			);
			name = Products;
			sourceTree = "<group>";
		};
		84AC67BA184EACC40025B393 /* Frameworks */ = {
			isa = PBXGroup;
			children = (
				84AC67BB184EACC40025B393 /* Foundation.framework */,
				84AC67BD184EACC40025B393 /* CoreGraphics.framework */,
				84AC67BF184EACC40025B393 /* UIKit.framework */,
				84AC67DD184EACC40025B393 /* XCTest.framework */,
			);
			name = Frameworks;
			sourceTree = "<group>";
		};
		84AC67C1184EACC40025B393 /* R_DesignPatterns(GOF) */ = {
			isa = PBXGroup;
			children = (
				84AC67CA184EACC40025B393 /* AppDelegate.h */,
				84AC67CB184EACC40025B393 /* AppDelegate.m */,
				84AC67CD184EACC40025B393 /* Main_iPhone.storyboard */,
				84AC67D0184EACC40025B393 /* Main_iPad.storyboard */,
				84AC67D3184EACC40025B393 /* ViewController.h */,
				84AC67D4184EACC40025B393 /* ViewController.m */,
				84AC67D6184EACC40025B393 /* Images.xcassets */,
				84AC67C2184EACC40025B393 /* Supporting Files */,
			);
			path = "R_DesignPatterns(GOF)";
			sourceTree = "<group>";
		};
		84AC67C2184EACC40025B393 /* Supporting Files */ = {
			isa = PBXGroup;
			children = (
				84AC67C3184EACC40025B393 /* R_DesignPatterns(GOF)-Info.plist */,
				84AC67C4184EACC40025B393 /* InfoPlist.strings */,
				84AC67C7184EACC40025B393 /* main.m */,
				84AC67C9184EACC40025B393 /* R_DesignPatterns(GOF)-Prefix.pch */,
			);
			name = "Supporting Files";
			sourceTree = "<group>";
		};
		84AC67E3184EACC40025B393 /* R_DesignPatterns(GOF)Tests */ = {
			isa = PBXGroup;
			children = (
				84AC67E9184EACC40025B393 /* R_DesignPatterns_GOF_Tests.m */,
				84AC67E4184EACC40025B393 /* Supporting Files */,
			);
			path = "R_DesignPatterns(GOF)Tests";
			sourceTree = "<group>";
		};
		84AC67E4184EACC40025B393 /* Supporting Files */ = {
			isa = PBXGroup;
			children = (
				84AC67E5184EACC40025B393 /* R_DesignPatterns(GOF)Tests-Info.plist */,
				84AC67E6184EACC40025B393 /* InfoPlist.strings */,
			);
			name = "Supporting Files";
			sourceTree = "<group>";
		};
/* End PBXGroup section */

/* Begin PBXNativeTarget section */
		84AC67B7184EACC40025B393 /* R_DesignPatterns(GOF) */ = {
			isa = PBXNativeTarget;
			buildConfigurationList = 84AC67ED184EACC40025B393 /* Build configuration list for PBXNativeTarget "R_DesignPatterns(GOF)" */;
			buildPhases = (
				84AC67B4184EACC40025B393 /* Sources */,
				84AC67B5184EACC40025B393 /* Frameworks */,
				84AC67B6184EACC40025B393 /* Resources */,
			);
			buildRules = (
			);
			dependencies = (
			);
			name = "R_DesignPatterns(GOF)";
			productName = "R_DesignPatterns(GOF)";
			productReference = 84AC67B8184EACC40025B393 /* R_DesignPatterns(GOF).app */;
			productType = "com.apple.product-type.application";
		};
		84AC67DB184EACC40025B393 /* R_DesignPatterns(GOF)Tests */ = {
			isa = PBXNativeTarget;
			buildConfigurationList = 84AC67F0184EACC40025B393 /* Build configuration list for PBXNativeTarget "R_DesignPatterns(GOF)Tests" */;
			buildPhases = (
				84AC67D8184EACC40025B393 /* Sources */,
				84AC67D9184EACC40025B393 /* Frameworks */,
				84AC67DA184EACC40025B393 /* Resources */,
			);
			buildRules = (
			);
			dependencies = (
				84AC67E2184EACC40025B393 /* PBXTargetDependency */,
			);
			name = "R_DesignPatterns(GOF)Tests";
			productName = "R_DesignPatterns(GOF)Tests";
			productReference = 84AC67DC184EACC40025B393 /* R_DesignPatterns(GOF)Tests.xctest */;
			productType = "com.apple.product-type.bundle.unit-test";
		};
/* End PBXNativeTarget section */

/* Begin PBXProject section */
		84AC67B0184EACC40025B393 /* Project object */ = {
			isa = PBXProject;
			attributes = {
				LastUpgradeCheck = 0500;
				ORGANIZATIONNAME = RocKK;
				TargetAttributes = {
					84AC67DB184EACC40025B393 = {
						TestTargetID = 84AC67B7184EACC40025B393;
					};
				};
			};
			buildConfigurationList = 84AC67B3184EACC40025B393 /* Build configuration list for PBXProject "R_DesignPatterns(GOF)" */;
			compatibilityVersion = "Xcode 3.2";
			developmentRegion = English;
			hasScannedForEncodings = 0;
			knownRegions = (
				en,
				Base,
			);
			mainGroup = 84AC67AF184EACC40025B393;
			productRefGroup = 84AC67B9184EACC40025B393 /* Products */;
			projectDirPath = "";
			projectRoot = "";
			targets = (
				84AC67B7184EACC40025B393 /* R_DesignPatterns(GOF) */,
				84AC67DB184EACC40025B393 /* R_DesignPatterns(GOF)Tests */,
			);
		};
/* End PBXProject section */

/* Begin PBXResourcesBuildPhase section */
		84AC67B6184EACC40025B393 /* Resources */ = {
			isa = PBXResourcesBuildPhase;
			buildActionMask = 2147483647;
			files = (
				84AC67D2184EACC40025B393 /* Main_iPad.storyboard in Resources */,
				84AC67D7184EACC40025B393 /* Images.xcassets in Resources */,
				84AC67CF184EACC40025B393 /* Main_iPhone.storyboard in Resources */,
				84AC67C6184EACC40025B393 /* InfoPlist.strings in Resources */,
			);
			runOnlyForDeploymentPostprocessing = 0;
		};
		84AC67DA184EACC40025B393 /* Resources */ = {
			isa = PBXResourcesBuildPhase;
			buildActionMask = 2147483647;
			files = (
				84AC67E8184EACC40025B393 /* InfoPlist.strings in Resources */,
			);
			runOnlyForDeploymentPostprocessing = 0;
		};
/* End PBXResourcesBuildPhase section */

/* Begin PBXSourcesBuildPhase section */
		84AC67B4184EACC40025B393 /* Sources */ = {
			isa = PBXSourcesBuildPhase;
			buildActionMask = 2147483647;
			files = (
				84AC67D5184EACC40025B393 /* ViewController.m in Sources */,
				84AC67CC184EACC40025B393 /* AppDelegate.m in Sources */,
				84AC67C8184EACC40025B393 /* main.m in Sources */,
			);
			runOnlyForDeploymentPostprocessing = 0;
		};
		84AC67D8184EACC40025B393 /* Sources */ = {
			isa = PBXSourcesBuildPhase;
			buildActionMask = 2147483647;
			files = (
				84AC67EA184EACC40025B393 /* R_DesignPatterns_GOF_Tests.m in Sources */,
			);
			runOnlyForDeploymentPostprocessing = 0;
		};
/* End PBXSourcesBuildPhase section */

/* Begin PBXTargetDependency section */
		84AC67E2184EACC40025B393 /* PBXTargetDependency */ = {
			isa = PBXTargetDependency;
			target = 84AC67B7184EACC40025B393 /* R_DesignPatterns(GOF) */;
			targetProxy = 84AC67E1184EACC40025B393 /* PBXContainerItemProxy */;
		};
/* End PBXTargetDependency section */

/* Begin PBXVariantGroup section */
		84AC67C4184EACC40025B393 /* InfoPlist.strings */ = {
			isa = PBXVariantGroup;
			children = (
				84AC67C5184EACC40025B393 /* en */,
			);
			name = InfoPlist.strings;
			sourceTree = "<group>";
		};
		84AC67CD184EACC40025B393 /* Main_iPhone.storyboard */ = {
			isa = PBXVariantGroup;
			children = (
				84AC67CE184EACC40025B393 /* Base */,
			);
			name = Main_iPhone.storyboard;
			sourceTree = "<group>";
		};
		84AC67D0184EACC40025B393 /* Main_iPad.storyboard */ = {
			isa = PBXVariantGroup;
			children = (
				84AC67D1184EACC40025B393 /* Base */,
			);
			name = Main_iPad.storyboard;
			sourceTree = "<group>";
		};
		84AC67E6184EACC40025B393 /* InfoPlist.strings */ = {
			isa = PBXVariantGroup;
			children = (
				84AC67E7184EACC40025B393 /* en */,
			);
			name = InfoPlist.strings;
			sourceTree = "<group>";
		};
/* End PBXVariantGroup section */

/* Begin XCBuildConfiguration section */
		84AC67EB184EACC40025B393 /* Debug */ = {
			isa = XCBuildConfiguration;
			buildSettings = {
				ALWAYS_SEARCH_USER_PATHS = NO;
				ARCHS = "$(ARCHS_STANDARD_INCLUDING_64_BIT)";
				CLANG_CXX_LANGUAGE_STANDARD = "gnu++0x";
				CLANG_CXX_LIBRARY = "libc++";
				CLANG_ENABLE_MODULES = YES;
				CLANG_ENABLE_OBJC_ARC = YES;
				CLANG_WARN_BOOL_CONVERSION = YES;
				CLANG_WARN_CONSTANT_CONVERSION = YES;
				CLANG_WARN_DIRECT_OBJC_ISA_USAGE = YES_ERROR;
				CLANG_WARN_EMPTY_BODY = YES;
				CLANG_WARN_ENUM_CONVERSION = YES;
				CLANG_WARN_INT_CONVERSION = YES;
				CLANG_WARN_OBJC_ROOT_CLASS = YES_ERROR;
				CLANG_WARN__DUPLICATE_METHOD_MATCH = YES;
				"CODE_SIGN_IDENTITY[sdk=iphoneos*]" = "iPhone Developer";
				COPY_PHASE_STRIP = NO;
				GCC_C_LANGUAGE_STANDARD = gnu99;
				GCC_DYNAMIC_NO_PIC = NO;
				GCC_OPTIMIZATION_LEVEL = 0;
				GCC_PREPROCESSOR_DEFINITIONS = (
					"DEBUG=1",
					"$(inherited)",
				);
				GCC_SYMBOLS_PRIVATE_EXTERN = NO;
				GCC_WARN_64_TO_32_BIT_CONVERSION = YES;
				GCC_WARN_ABOUT_RETURN_TYPE = YES_ERROR;
				GCC_WARN_UNDECLARED_SELECTOR = YES;
				GCC_WARN_UNINITIALIZED_AUTOS = YES;
				GCC_WARN_UNUSED_FUNCTION = YES;
				GCC_WARN_UNUSED_VARIABLE = YES;
				IPHONEOS_DEPLOYMENT_TARGET = 7.0;
				ONLY_ACTIVE_ARCH = YES;
				SDKROOT = iphoneos;
				TARGETED_DEVICE_FAMILY = "1,2";
			};
			name = Debug;
		};
		84AC67EC184EACC40025B393 /* Release */ = {
			isa = XCBuildConfiguration;
			buildSettings = {
				ALWAYS_SEARCH_USER_PATHS = NO;
				ARCHS = "$(ARCHS_STANDARD_INCLUDING_64_BIT)";
				CLANG_CXX_LANGUAGE_STANDARD = "gnu++0x";
				CLANG_CXX_LIBRARY = "libc++";
				CLANG_ENABLE_MODULES = YES;
				CLANG_ENABLE_OBJC_ARC = YES;
				CLANG_WARN_BOOL_CONVERSION = YES;
				CLANG_WARN_CONSTANT_CONVERSION = YES;
				CLANG_WARN_DIRECT_OBJC_ISA_USAGE = YES_ERROR;
				CLANG_WARN_EMPTY_BODY = YES;
				CLANG_WARN_ENUM_CONVERSION = YES;
				CLANG_WARN_INT_CONVERSION = YES;
				CLANG_WARN_OBJC_ROOT_CLASS = YES_ERROR;
				CLANG_WARN__DUPLICATE_METHOD_MATCH = YES;
				"CODE_SIGN_IDENTITY[sdk=iphoneos*]" = "iPhone Developer";
				COPY_PHASE_STRIP = YES;
				ENABLE_NS_ASSERTIONS = NO;
				GCC_C_LANGUAGE_STANDARD = gnu99;
				GCC_WARN_64_TO_32_BIT_CONVERSION = YES;
				GCC_WARN_ABOUT_RETURN_TYPE = YES_ERROR;
				GCC_WARN_UNDECLARED_SELECTOR = YES;
				GCC_WARN_UNINITIALIZED_AUTOS = YES;
				GCC_WARN_UNUSED_FUNCTION = YES;
				GCC_WARN_UNUSED_VARIABLE = YES;
				IPHONEOS_DEPLOYMENT_TARGET = 7.0;
				SDKROOT = iphoneos;
				TARGETED_DEVICE_FAMILY = "1,2";
				VALIDATE_PRODUCT = YES;
			};
			name = Release;
		};
		84AC67EE184EACC40025B393 /* Debug */ = {
			isa = XCBuildConfiguration;
			buildSettings = {
				ASSETCATALOG_COMPILER_APPICON_NAME = AppIcon;
				ASSETCATALOG_COMPILER_LAUNCHIMAGE_NAME = LaunchImage;
				GCC_PRECOMPILE_PREFIX_HEADER = YES;
				GCC_PREFIX_HEADER = "R_DesignPatterns(GOF)/R_DesignPatterns(GOF)-Prefix.pch";
				INFOPLIST_FILE = "R_DesignPatterns(GOF)/R_DesignPatterns(GOF)-Info.plist";
				PRODUCT_NAME = "$(TARGET_NAME)";
				WRAPPER_EXTENSION = app;
			};
			name = Debug;
		};
		84AC67EF184EACC40025B393 /* Release */ = {
			isa = XCBuildConfiguration;
			buildSettings = {
				ASSETCATALOG_COMPILER_APPICON_NAME = AppIcon;
				ASSETCATALOG_COMPILER_LAUNCHIMAGE_NAME = LaunchImage;
				GCC_PRECOMPILE_PREFIX_HEADER = YES;
				GCC_PREFIX_HEADER = "R_DesignPatterns(GOF)/R_DesignPatterns(GOF)-Prefix.pch";
				INFOPLIST_FILE = "R_DesignPatterns(GOF)/R_DesignPatterns(GOF)-Info.plist";
				PRODUCT_NAME = "$(TARGET_NAME)";
				WRAPPER_EXTENSION = app;
			};
			name = Release;
		};
		84AC67F1184EACC40025B393 /* Debug */ = {
			isa = XCBuildConfiguration;
			buildSettings = {
				ARCHS = "$(ARCHS_STANDARD_INCLUDING_64_BIT)";
				BUNDLE_LOADER = "$(BUILT_PRODUCTS_DIR)/R_DesignPatterns(GOF).app/R_DesignPatterns(GOF)";
				FRAMEWORK_SEARCH_PATHS = (
					"$(SDKROOT)/Developer/Library/Frameworks",
					"$(inherited)",
					"$(DEVELOPER_FRAMEWORKS_DIR)",
				);
				GCC_PRECOMPILE_PREFIX_HEADER = YES;
				GCC_PREFIX_HEADER = "R_DesignPatterns(GOF)/R_DesignPatterns(GOF)-Prefix.pch";
				GCC_PREPROCESSOR_DEFINITIONS = (
					"DEBUG=1",
					"$(inherited)",
				);
				INFOPLIST_FILE = "R_DesignPatterns(GOF)Tests/R_DesignPatterns(GOF)Tests-Info.plist";
				PRODUCT_NAME = "$(TARGET_NAME)";
				TEST_HOST = "$(BUNDLE_LOADER)";
				WRAPPER_EXTENSION = xctest;
			};
			name = Debug;
		};
		84AC67F2184EACC40025B393 /* Release */ = {
			isa = XCBuildConfiguration;
			buildSettings = {
				ARCHS = "$(ARCHS_STANDARD_INCLUDING_64_BIT)";
				BUNDLE_LOADER = "$(BUILT_PRODUCTS_DIR)/R_DesignPatterns(GOF).app/R_DesignPatterns(GOF)";
				FRAMEWORK_SEARCH_PATHS = (
					"$(SDKROOT)/Developer/Library/Frameworks",
					"$(inherited)",
					"$(DEVELOPER_FRAMEWORKS_DIR)",
				);
				GCC_PRECOMPILE_PREFIX_HEADER = YES;
				GCC_PREFIX_HEADER = "R_DesignPatterns(GOF)/R_DesignPatterns(GOF)-Prefix.pch";
				INFOPLIST_FILE = "R_DesignPatterns(GOF)Tests/R_DesignPatterns(GOF)Tests-Info.plist";
				PRODUCT_NAME = "$(TARGET_NAME)";
				TEST_HOST = "$(BUNDLE_LOADER)";
				WRAPPER_EXTENSION = xctest;
			};
			name = Release;
		};
/* End XCBuildConfiguration section */

/* Begin XCConfigurationList section */
		84AC67B3184EACC40025B393 /* Build configuration list for PBXProject "R_DesignPatterns(GOF)" */ = {
			isa = XCConfigurationList;
			buildConfigurations = (
				84AC67EB184EACC40025B393 /* Debug */,
				84AC67EC184EACC40025B393 /* Release */,
			);
			defaultConfigurationIsVisible = 0;
			defaultConfigurationName = Release;
		};
		84AC67ED184EACC40025B393 /* Build configuration list for PBXNativeTarget "R_DesignPatterns(GOF)" */ = {
			isa = XCConfigurationList;
			buildConfigurations = (
				84AC67EE184EACC40025B393 /* Debug */,
				84AC67EF184EACC40025B393 /* Release */,
			);
			defaultConfigurationIsVisible = 0;
		};
		84AC67F0184EACC40025B393 /* Build configuration list for PBXNativeTarget "R_DesignPatterns(GOF)Tests" */ = {
			isa = XCConfigurationList;
			buildConfigurations = (
				84AC67F1184EACC40025B393 /* Debug */,
				84AC67F2184EACC40025B393 /* Release */,
			);
			defaultConfigurationIsVisible = 0;
		};
/* End XCConfigurationList section */
	};
	rootObject = 84AC67B0184EACC40025B393 /* Project object */;
}
