// !$*UTF8*$!
{
	archiveVersion = 1;
	classes = {
	};
	objectVersion = 46;
	objects = {

/* Begin PBXBuildFile section */
		7D9B9E2618606FAA00D1C0DA /* Bridge.m in Sources */ = {isa = PBXBuildFile; fileRef = 7D9B9E2518606FAA00D1C0DA /* Bridge.m */; };
		7D9B9E281860705A00D1C0DA /* Bridge.png in Resources */ = {isa = PBXBuildFile; fileRef = 7D9B9E271860705A00D1C0DA /* Bridge.png */; };
		7D9B9E3D186070E100D1C0DA /* Composite.m in Sources */ = {isa = PBXBuildFile; fileRef = 7D9B9E2C186070E100D1C0DA /* Composite.m */; };
		7D9B9E3E186070E100D1C0DA /* Decorator.m in Sources */ = {isa = PBXBuildFile; fileRef = 7D9B9E2E186070E100D1C0DA /* Decorator.m */; };
		7D9B9E3F186070E100D1C0DA /* Facade.m in Sources */ = {isa = PBXBuildFile; fileRef = 7D9B9E30186070E100D1C0DA /* Facade.m */; };
		7D9B9E40186070E100D1C0DA /* Flyweight.m in Sources */ = {isa = PBXBuildFile; fileRef = 7D9B9E32186070E100D1C0DA /* Flyweight.m */; };
		7D9B9E41186070E100D1C0DA /* Flyweight_Dragon.jpeg in Resources */ = {isa = PBXBuildFile; fileRef = 7D9B9E33186070E100D1C0DA /* Flyweight_Dragon.jpeg */; };
		7D9B9E42186070E100D1C0DA /* Flyweight_Goblin.jpeg in Resources */ = {isa = PBXBuildFile; fileRef = 7D9B9E34186070E100D1C0DA /* Flyweight_Goblin.jpeg */; };
		7D9B9E43186070E100D1C0DA /* Proxy.m in Sources */ = {isa = PBXBuildFile; fileRef = 7D9B9E36186070E100D1C0DA /* Proxy.m */; };
		7D9B9E44186070E100D1C0DA /* ChainOfResponsibility.m in Sources */ = {isa = PBXBuildFile; fileRef = 7D9B9E38186070E100D1C0DA /* ChainOfResponsibility.m */; };
		7D9B9E45186070E100D1C0DA /* Command.m in Sources */ = {isa = PBXBuildFile; fileRef = 7D9B9E3A186070E100D1C0DA /* Command.m */; };
		7D9B9E46186070E100D1C0DA /* Interpreter.m in Sources */ = {isa = PBXBuildFile; fileRef = 7D9B9E3C186070E100D1C0DA /* Interpreter.m */; };
		7D9B9E49186071F600D1C0DA /* Composite.png in Resources */ = {isa = PBXBuildFile; fileRef = 7D9B9E48186071F600D1C0DA /* Composite.png */; };
		7D9B9E4C186072D400D1C0DA /* Decorator.png in Resources */ = {isa = PBXBuildFile; fileRef = 7D9B9E4B186072D400D1C0DA /* Decorator.png */; };
		7D9B9E4F1860739700D1C0DA /* Facade.png in Resources */ = {isa = PBXBuildFile; fileRef = 7D9B9E4E1860739700D1C0DA /* Facade.png */; };
		7D9B9E521860756800D1C0DA /* Flyweight.gif in Resources */ = {isa = PBXBuildFile; fileRef = 7D9B9E511860756800D1C0DA /* Flyweight.gif */; };
		7D9B9E551860771700D1C0DA /* designpatternscard.pdf in Resources */ = {isa = PBXBuildFile; fileRef = 7D9B9E541860771700D1C0DA /* designpatternscard.pdf */; };
		7D9B9E571860787A00D1C0DA /* Proxy.png in Resources */ = {isa = PBXBuildFile; fileRef = 7D9B9E561860787A00D1C0DA /* Proxy.png */; };
		7D9B9E5A1860795600D1C0DA /* ChainOfResponsibility.png in Resources */ = {isa = PBXBuildFile; fileRef = 7D9B9E591860795600D1C0DA /* ChainOfResponsibility.png */; };
		7D9B9E5D18607A3F00D1C0DA /* Command.gif in Resources */ = {isa = PBXBuildFile; fileRef = 7D9B9E5C18607A3F00D1C0DA /* Command.gif */; };
		7D9B9E6018607ABC00D1C0DA /* Interpreter.jpg in Resources */ = {isa = PBXBuildFile; fileRef = 7D9B9E5F18607ABC00D1C0DA /* Interpreter.jpg */; };
		7D9B9E65186084EF00D1C0DA /* Iterator.m in Sources */ = {isa = PBXBuildFile; fileRef = 7D9B9E64186084EF00D1C0DA /* Iterator.m */; };
		7D9B9E671860923800D1C0DA /* Iterator.png in Resources */ = {isa = PBXBuildFile; fileRef = 7D9B9E661860923800D1C0DA /* Iterator.png */; };
		7D9B9E6B186097EA00D1C0DA /* Mediator.m in Sources */ = {isa = PBXBuildFile; fileRef = 7D9B9E6A186097EA00D1C0DA /* Mediator.m */; };
		7D9B9E6D18609CA800D1C0DA /* Mediator.png in Resources */ = {isa = PBXBuildFile; fileRef = 7D9B9E6C18609CA800D1C0DA /* Mediator.png */; };
		7D9B9E711860AD5D00D1C0DA /* Memento.m in Sources */ = {isa = PBXBuildFile; fileRef = 7D9B9E701860AD5D00D1C0DA /* Memento.m */; };
		7D9B9E8A1860C05C00D1C0DA /* Memento.png in Resources */ = {isa = PBXBuildFile; fileRef = 7D9B9E891860C05C00D1C0DA /* Memento.png */; };
		7DDB4B491861D8FB002509EC /* Observer.m in Sources */ = {isa = PBXBuildFile; fileRef = 7DDB4B481861D8FB002509EC /* Observer.m */; };
		7DDB4B4B1861E085002509EC /* Observer.png in Resources */ = {isa = PBXBuildFile; fileRef = 7DDB4B4A1861E085002509EC /* Observer.png */; };
		7DDB4B4F1861E240002509EC /* State.m in Sources */ = {isa = PBXBuildFile; fileRef = 7DDB4B4E1861E240002509EC /* State.m */; };
		7DDB4B511861EB5E002509EC /* State.png in Resources */ = {isa = PBXBuildFile; fileRef = 7DDB4B501861EB5E002509EC /* State.png */; };
		7DDB4B551861F5C8002509EC /* Strategy.m in Sources */ = {isa = PBXBuildFile; fileRef = 7DDB4B541861F5C8002509EC /* Strategy.m */; };
		7DDB4B571861F9E5002509EC /* Strategy.png in Resources */ = {isa = PBXBuildFile; fileRef = 7DDB4B561861F9E5002509EC /* Strategy.png */; };
		7DDB4B5B1861FBE3002509EC /* Template.m in Sources */ = {isa = PBXBuildFile; fileRef = 7DDB4B5A1861FBE3002509EC /* Template.m */; };
		7DDB4B5D186203FF002509EC /* Template.png in Resources */ = {isa = PBXBuildFile; fileRef = 7DDB4B5C186203FF002509EC /* Template.png */; };
		7DDB4B61186207A8002509EC /* Visitor.m in Sources */ = {isa = PBXBuildFile; fileRef = 7DDB4B60186207A8002509EC /* Visitor.m */; };
		7DDB4B6318620A1E002509EC /* Visitor.png in Resources */ = {isa = PBXBuildFile; fileRef = 7DDB4B6218620A1E002509EC /* Visitor.png */; };
		84ABA0D1184F730D0075C72D /* Factory Method.m in Sources */ = {isa = PBXBuildFile; fileRef = 84ABA0D0184F730D0075C72D /* Factory Method.m */; };
		84ABA0D3184F77D70075C72D /* FactoryMethod.png in Resources */ = {isa = PBXBuildFile; fileRef = 84ABA0D2184F77D70075C72D /* FactoryMethod.png */; };
		84ABA0D7184F9EEF0075C72D /* Prototype.m in Sources */ = {isa = PBXBuildFile; fileRef = 84ABA0D6184F9EEF0075C72D /* Prototype.m */; };
		84ABA0D9184FA5F90075C72D /* Prototype.png in Resources */ = {isa = PBXBuildFile; fileRef = 84ABA0D8184FA5F90075C72D /* Prototype.png */; };
		84ABA0DD184FAC4A0075C72D /* Singleton.m in Sources */ = {isa = PBXBuildFile; fileRef = 84ABA0DC184FAC4A0075C72D /* Singleton.m */; };
		84ABA0DF184FAF3A0075C72D /* Singleton.png in Resources */ = {isa = PBXBuildFile; fileRef = 84ABA0DE184FAF3A0075C72D /* Singleton.png */; };
		84ABA0E3184FC2130075C72D /* Adapter.m in Sources */ = {isa = PBXBuildFile; fileRef = 84ABA0E2184FC2130075C72D /* Adapter.m */; };
		84ABA0E5184FD49E0075C72D /* Adapter.png in Resources */ = {isa = PBXBuildFile; fileRef = 84ABA0E4184FD49E0075C72D /* Adapter.png */; };
		84AC67BC184EACC40025B393 /* Foundation.framework in Frameworks */ = {isa = PBXBuildFile; fileRef = 84AC67BB184EACC40025B393 /* Foundation.framework */; };
		84AC67BE184EACC40025B393 /* CoreGraphics.framework in Frameworks */ = {isa = PBXBuildFile; fileRef = 84AC67BD184EACC40025B393 /* CoreGraphics.framework */; };
		84AC67C0184EACC40025B393 /* UIKit.framework in Frameworks */ = {isa = PBXBuildFile; fileRef = 84AC67BF184EACC40025B393 /* UIKit.framework */; };
		84AC67C6184EACC40025B393 /* InfoPlist.strings in Resources */ = {isa = PBXBuildFile; fileRef = 84AC67C4184EACC40025B393 /* InfoPlist.strings */; };
		84AC67C8184EACC40025B393 /* main.m in Sources */ = {isa = PBXBuildFile; fileRef = 84AC67C7184EACC40025B393 /* main.m */; };
		84AC67CC184EACC40025B393 /* AppDelegate.m in Sources */ = {isa = PBXBuildFile; fileRef = 84AC67CB184EACC40025B393 /* AppDelegate.m */; };
		84AC67CF184EACC40025B393 /* Main_iPhone.storyboard in Resources */ = {isa = PBXBuildFile; fileRef = 84AC67CD184EACC40025B393 /* Main_iPhone.storyboard */; };
		84AC67D2184EACC40025B393 /* Main_iPad.storyboard in Resources */ = {isa = PBXBuildFile; fileRef = 84AC67D0184EACC40025B393 /* Main_iPad.storyboard */; };
		84AC67D5184EACC40025B393 /* ViewController.m in Sources */ = {isa = PBXBuildFile; fileRef = 84AC67D4184EACC40025B393 /* ViewController.m */; };
		84AC67D7184EACC40025B393 /* Images.xcassets in Resources */ = {isa = PBXBuildFile; fileRef = 84AC67D6184EACC40025B393 /* Images.xcassets */; };
		84AC67DE184EACC40025B393 /* XCTest.framework in Frameworks */ = {isa = PBXBuildFile; fileRef = 84AC67DD184EACC40025B393 /* XCTest.framework */; };
		84AC67DF184EACC40025B393 /* Foundation.framework in Frameworks */ = {isa = PBXBuildFile; fileRef = 84AC67BB184EACC40025B393 /* Foundation.framework */; };
		84AC67E0184EACC40025B393 /* UIKit.framework in Frameworks */ = {isa = PBXBuildFile; fileRef = 84AC67BF184EACC40025B393 /* UIKit.framework */; };
		84AC67E8184EACC40025B393 /* InfoPlist.strings in Resources */ = {isa = PBXBuildFile; fileRef = 84AC67E6184EACC40025B393 /* InfoPlist.strings */; };
		84AC67EA184EACC40025B393 /* R_DesignPatterns_GOF_Tests.m in Sources */ = {isa = PBXBuildFile; fileRef = 84AC67E9184EACC40025B393 /* R_DesignPatterns_GOF_Tests.m */; };
		84AC67F5184EACEC0025B393 /* AbstractFactory.m in Sources */ = {isa = PBXBuildFile; fileRef = 84AC67F4184EACEC0025B393 /* AbstractFactory.m */; };
		84AC67F7184EB7B90025B393 /* AbstractFactory.png in Resources */ = {isa = PBXBuildFile; fileRef = 84AC67F6184EB7B90025B393 /* AbstractFactory.png */; };
		84AC67F9184EC3030025B393 /* Builder.png in Resources */ = {isa = PBXBuildFile; fileRef = 84AC67F8184EC3030025B393 /* Builder.png */; };
		84AC67FC184EC3190025B393 /* Builder.m in Sources */ = {isa = PBXBuildFile; fileRef = 84AC67FB184EC3190025B393 /* Builder.m */; };
/* End PBXBuildFile section */

/* Begin PBXContainerItemProxy section */
		84AC67E1184EACC40025B393 /* PBXContainerItemProxy */ = {
			isa = PBXContainerItemProxy;
			containerPortal = 84AC67B0184EACC40025B393 /* Project object */;
			proxyType = 1;
			remoteGlobalIDString = 84AC67B7184EACC40025B393;
			remoteInfo = "R_DesignPatterns(GOF)";
		};
/* End PBXContainerItemProxy section */

/* Begin PBXFileReference section */
		7D9B9E2418606FAA00D1C0DA /* Bridge.h */ = {isa = PBXFileReference; fileEncoding = 4; lastKnownFileType = sourcecode.c.h; path = Bridge.h; sourceTree = "<group>"; };
		7D9B9E2518606FAA00D1C0DA /* Bridge.m */ = {isa = PBXFileReference; fileEncoding = 4; lastKnownFileType = sourcecode.c.objc; path = Bridge.m; sourceTree = "<group>"; };
		7D9B9E271860705A00D1C0DA /* Bridge.png */ = {isa = PBXFileReference; lastKnownFileType = image.png; path = Bridge.png; sourceTree = "<group>"; };
		7D9B9E2B186070E100D1C0DA /* Composite.h */ = {isa = PBXFileReference; fileEncoding = 4; lastKnownFileType = sourcecode.c.h; path = Composite.h; sourceTree = "<group>"; };
		7D9B9E2C186070E100D1C0DA /* Composite.m */ = {isa = PBXFileReference; fileEncoding = 4; lastKnownFileType = sourcecode.c.objc; path = Composite.m; sourceTree = "<group>"; };
		7D9B9E2D186070E100D1C0DA /* Decorator.h */ = {isa = PBXFileReference; fileEncoding = 4; lastKnownFileType = sourcecode.c.h; path = Decorator.h; sourceTree = "<group>"; };
		7D9B9E2E186070E100D1C0DA /* Decorator.m */ = {isa = PBXFileReference; fileEncoding = 4; lastKnownFileType = sourcecode.c.objc; path = Decorator.m; sourceTree = "<group>"; };
		7D9B9E2F186070E100D1C0DA /* Facade.h */ = {isa = PBXFileReference; fileEncoding = 4; lastKnownFileType = sourcecode.c.h; path = Facade.h; sourceTree = "<group>"; };
		7D9B9E30186070E100D1C0DA /* Facade.m */ = {isa = PBXFileReference; fileEncoding = 4; lastKnownFileType = sourcecode.c.objc; path = Facade.m; sourceTree = "<group>"; };
		7D9B9E31186070E100D1C0DA /* Flyweight.h */ = {isa = PBXFileReference; fileEncoding = 4; lastKnownFileType = sourcecode.c.h; path = Flyweight.h; sourceTree = "<group>"; };
		7D9B9E32186070E100D1C0DA /* Flyweight.m */ = {isa = PBXFileReference; fileEncoding = 4; lastKnownFileType = sourcecode.c.objc; path = Flyweight.m; sourceTree = "<group>"; };
		7D9B9E33186070E100D1C0DA /* Flyweight_Dragon.jpeg */ = {isa = PBXFileReference; lastKnownFileType = image.jpeg; path = Flyweight_Dragon.jpeg; sourceTree = "<group>"; };
		7D9B9E34186070E100D1C0DA /* Flyweight_Goblin.jpeg */ = {isa = PBXFileReference; lastKnownFileType = image.jpeg; path = Flyweight_Goblin.jpeg; sourceTree = "<group>"; };
		7D9B9E35186070E100D1C0DA /* Proxy.h */ = {isa = PBXFileReference; fileEncoding = 4; lastKnownFileType = sourcecode.c.h; path = Proxy.h; sourceTree = "<group>"; };
		7D9B9E36186070E100D1C0DA /* Proxy.m */ = {isa = PBXFileReference; fileEncoding = 4; lastKnownFileType = sourcecode.c.objc; path = Proxy.m; sourceTree = "<group>"; };
		7D9B9E37186070E100D1C0DA /* ChainOfResponsibility.h */ = {isa = PBXFileReference; fileEncoding = 4; lastKnownFileType = sourcecode.c.h; path = ChainOfResponsibility.h; sourceTree = "<group>"; };
		7D9B9E38186070E100D1C0DA /* ChainOfResponsibility.m */ = {isa = PBXFileReference; fileEncoding = 4; lastKnownFileType = sourcecode.c.objc; path = ChainOfResponsibility.m; sourceTree = "<group>"; };
		7D9B9E39186070E100D1C0DA /* Command.h */ = {isa = PBXFileReference; fileEncoding = 4; lastKnownFileType = sourcecode.c.h; path = Command.h; sourceTree = "<group>"; };
		7D9B9E3A186070E100D1C0DA /* Command.m */ = {isa = PBXFileReference; fileEncoding = 4; lastKnownFileType = sourcecode.c.objc; path = Command.m; sourceTree = "<group>"; };
		7D9B9E3B186070E100D1C0DA /* Interpreter.h */ = {isa = PBXFileReference; fileEncoding = 4; lastKnownFileType = sourcecode.c.h; path = Interpreter.h; sourceTree = "<group>"; };
		7D9B9E3C186070E100D1C0DA /* Interpreter.m */ = {isa = PBXFileReference; fileEncoding = 4; lastKnownFileType = sourcecode.c.objc; path = Interpreter.m; sourceTree = "<group>"; };
		7D9B9E48186071F600D1C0DA /* Composite.png */ = {isa = PBXFileReference; lastKnownFileType = image.png; path = Composite.png; sourceTree = "<group>"; };
		7D9B9E4B186072D400D1C0DA /* Decorator.png */ = {isa = PBXFileReference; lastKnownFileType = image.png; path = Decorator.png; sourceTree = "<group>"; };
		7D9B9E4E1860739700D1C0DA /* Facade.png */ = {isa = PBXFileReference; lastKnownFileType = image.png; path = Facade.png; sourceTree = "<group>"; };
		7D9B9E511860756800D1C0DA /* Flyweight.gif */ = {isa = PBXFileReference; lastKnownFileType = image.gif; path = Flyweight.gif; sourceTree = "<group>"; };
		7D9B9E541860771700D1C0DA /* designpatternscard.pdf */ = {isa = PBXFileReference; lastKnownFileType = image.pdf; path = designpatternscard.pdf; sourceTree = "<group>"; };
		7D9B9E561860787A00D1C0DA /* Proxy.png */ = {isa = PBXFileReference; lastKnownFileType = image.png; path = Proxy.png; sourceTree = "<group>"; };
		7D9B9E591860795600D1C0DA /* ChainOfResponsibility.png */ = {isa = PBXFileReference; lastKnownFileType = image.png; path = ChainOfResponsibility.png; sourceTree = "<group>"; };
		7D9B9E5C18607A3F00D1C0DA /* Command.gif */ = {isa = PBXFileReference; lastKnownFileType = image.gif; path = Command.gif; sourceTree = "<group>"; };
		7D9B9E5F18607ABC00D1C0DA /* Interpreter.jpg */ = {isa = PBXFileReference; lastKnownFileType = image.jpeg; path = Interpreter.jpg; sourceTree = "<group>"; };
		7D9B9E63186084EF00D1C0DA /* Iterator.h */ = {isa = PBXFileReference; fileEncoding = 4; lastKnownFileType = sourcecode.c.h; path = Iterator.h; sourceTree = "<group>"; };
		7D9B9E64186084EF00D1C0DA /* Iterator.m */ = {isa = PBXFileReference; fileEncoding = 4; lastKnownFileType = sourcecode.c.objc; path = Iterator.m; sourceTree = "<group>"; };
		7D9B9E661860923800D1C0DA /* Iterator.png */ = {isa = PBXFileReference; lastKnownFileType = image.png; path = Iterator.png; sourceTree = "<group>"; };
		7D9B9E69186097EA00D1C0DA /* Mediator.h */ = {isa = PBXFileReference; fileEncoding = 4; lastKnownFileType = sourcecode.c.h; path = Mediator.h; sourceTree = "<group>"; };
		7D9B9E6A186097EA00D1C0DA /* Mediator.m */ = {isa = PBXFileReference; fileEncoding = 4; lastKnownFileType = sourcecode.c.objc; path = Mediator.m; sourceTree = "<group>"; };
		7D9B9E6C18609CA800D1C0DA /* Mediator.png */ = {isa = PBXFileReference; lastKnownFileType = image.png; path = Mediator.png; sourceTree = "<group>"; };
		7D9B9E6F1860AD5D00D1C0DA /* Memento.h */ = {isa = PBXFileReference; fileEncoding = 4; lastKnownFileType = sourcecode.c.h; path = Memento.h; sourceTree = "<group>"; };
		7D9B9E701860AD5D00D1C0DA /* Memento.m */ = {isa = PBXFileReference; fileEncoding = 4; lastKnownFileType = sourcecode.c.objc; path = Memento.m; sourceTree = "<group>"; };
		7D9B9E891860C05C00D1C0DA /* Memento.png */ = {isa = PBXFileReference; lastKnownFileType = image.png; path = Memento.png; sourceTree = "<group>"; };
		7DDB4B471861D8FB002509EC /* Observer.h */ = {isa = PBXFileReference; fileEncoding = 4; lastKnownFileType = sourcecode.c.h; path = Observer.h; sourceTree = "<group>"; };
		7DDB4B481861D8FB002509EC /* Observer.m */ = {isa = PBXFileReference; fileEncoding = 4; lastKnownFileType = sourcecode.c.objc; path = Observer.m; sourceTree = "<group>"; };
		7DDB4B4A1861E085002509EC /* Observer.png */ = {isa = PBXFileReference; lastKnownFileType = image.png; path = Observer.png; sourceTree = "<group>"; };
		7DDB4B4D1861E240002509EC /* State.h */ = {isa = PBXFileReference; fileEncoding = 4; lastKnownFileType = sourcecode.c.h; path = State.h; sourceTree = "<group>"; };
		7DDB4B4E1861E240002509EC /* State.m */ = {isa = PBXFileReference; fileEncoding = 4; lastKnownFileType = sourcecode.c.objc; path = State.m; sourceTree = "<group>"; };
		7DDB4B501861EB5E002509EC /* State.png */ = {isa = PBXFileReference; lastKnownFileType = image.png; path = State.png; sourceTree = "<group>"; };
		7DDB4B531861F5C8002509EC /* Strategy.h */ = {isa = PBXFileReference; fileEncoding = 4; lastKnownFileType = sourcecode.c.h; path = Strategy.h; sourceTree = "<group>"; };
		7DDB4B541861F5C8002509EC /* Strategy.m */ = {isa = PBXFileReference; fileEncoding = 4; lastKnownFileType = sourcecode.c.objc; path = Strategy.m; sourceTree = "<group>"; };
		7DDB4B561861F9E5002509EC /* Strategy.png */ = {isa = PBXFileReference; lastKnownFileType = image.png; path = Strategy.png; sourceTree = "<group>"; };
		7DDB4B591861FBE3002509EC /* Template.h */ = {isa = PBXFileReference; fileEncoding = 4; lastKnownFileType = sourcecode.c.h; path = Template.h; sourceTree = "<group>"; };
		7DDB4B5A1861FBE3002509EC /* Template.m */ = {isa = PBXFileReference; fileEncoding = 4; lastKnownFileType = sourcecode.c.objc; path = Template.m; sourceTree = "<group>"; };
		7DDB4B5C186203FF002509EC /* Template.png */ = {isa = PBXFileReference; lastKnownFileType = image.png; path = Template.png; sourceTree = "<group>"; };
		7DDB4B5F186207A8002509EC /* Visitor.h */ = {isa = PBXFileReference; fileEncoding = 4; lastKnownFileType = sourcecode.c.h; path = Visitor.h; sourceTree = "<group>"; };
		7DDB4B60186207A8002509EC /* Visitor.m */ = {isa = PBXFileReference; fileEncoding = 4; lastKnownFileType = sourcecode.c.objc; path = Visitor.m; sourceTree = "<group>"; };
		7DDB4B6218620A1E002509EC /* Visitor.png */ = {isa = PBXFileReference; lastKnownFileType = image.png; path = Visitor.png; sourceTree = "<group>"; };
		84ABA0CF184F730D0075C72D /* Factory Method.h */ = {isa = PBXFileReference; fileEncoding = 4; lastKnownFileType = sourcecode.c.h; path = "Factory Method.h"; sourceTree = "<group>"; };
		84ABA0D0184F730D0075C72D /* Factory Method.m */ = {isa = PBXFileReference; fileEncoding = 4; lastKnownFileType = sourcecode.c.objc; path = "Factory Method.m"; sourceTree = "<group>"; };
		84ABA0D2184F77D70075C72D /* FactoryMethod.png */ = {isa = PBXFileReference; lastKnownFileType = image.png; path = FactoryMethod.png; sourceTree = "<group>"; };
		84ABA0D5184F9EEF0075C72D /* Prototype.h */ = {isa = PBXFileReference; fileEncoding = 4; lastKnownFileType = sourcecode.c.h; path = Prototype.h; sourceTree = "<group>"; };
		84ABA0D6184F9EEF0075C72D /* Prototype.m */ = {isa = PBXFileReference; fileEncoding = 4; lastKnownFileType = sourcecode.c.objc; path = Prototype.m; sourceTree = "<group>"; };
		84ABA0D8184FA5F90075C72D /* Prototype.png */ = {isa = PBXFileReference; lastKnownFileType = image.png; path = Prototype.png; sourceTree = "<group>"; };
		84ABA0DB184FAC4A0075C72D /* Singleton.h */ = {isa = PBXFileReference; fileEncoding = 4; lastKnownFileType = sourcecode.c.h; path = Singleton.h; sourceTree = "<group>"; };
		84ABA0DC184FAC4A0075C72D /* Singleton.m */ = {isa = PBXFileReference; fileEncoding = 4; lastKnownFileType = sourcecode.c.objc; path = Singleton.m; sourceTree = "<group>"; };
		84ABA0DE184FAF3A0075C72D /* Singleton.png */ = {isa = PBXFileReference; lastKnownFileType = image.png; path = Singleton.png; sourceTree = "<group>"; };
		84ABA0E1184FC2130075C72D /* Adapter.h */ = {isa = PBXFileReference; fileEncoding = 4; lastKnownFileType = sourcecode.c.h; path = Adapter.h; sourceTree = "<group>"; };
		84ABA0E2184FC2130075C72D /* Adapter.m */ = {isa = PBXFileReference; fileEncoding = 4; lastKnownFileType = sourcecode.c.objc; path = Adapter.m; sourceTree = "<group>"; };
		84ABA0E4184FD49E0075C72D /* Adapter.png */ = {isa = PBXFileReference; lastKnownFileType = image.png; path = Adapter.png; sourceTree = "<group>"; };
		84AC67B8184EACC40025B393 /* R_DesignPatterns(GOF).app */ = {isa = PBXFileReference; explicitFileType = wrapper.application; includeInIndex = 0; path = "R_DesignPatterns(GOF).app"; sourceTree = BUILT_PRODUCTS_DIR; };
		84AC67BB184EACC40025B393 /* Foundation.framework */ = {isa = PBXFileReference; lastKnownFileType = wrapper.framework; name = Foundation.framework; path = System/Library/Frameworks/Foundation.framework; sourceTree = SDKROOT; };
		84AC67BD184EACC40025B393 /* CoreGraphics.framework */ = {isa = PBXFileReference; lastKnownFileType = wrapper.framework; name = CoreGraphics.framework; path = System/Library/Frameworks/CoreGraphics.framework; sourceTree = SDKROOT; };
		84AC67BF184EACC40025B393 /* UIKit.framework */ = {isa = PBXFileReference; lastKnownFileType = wrapper.framework; name = UIKit.framework; path = System/Library/Frameworks/UIKit.framework; sourceTree = SDKROOT; };
		84AC67C3184EACC40025B393 /* R_DesignPatterns(GOF)-Info.plist */ = {isa = PBXFileReference; lastKnownFileType = text.plist.xml; path = "R_DesignPatterns(GOF)-Info.plist"; sourceTree = "<group>"; };
		84AC67C5184EACC40025B393 /* en */ = {isa = PBXFileReference; lastKnownFileType = text.plist.strings; name = en; path = en.lproj/InfoPlist.strings; sourceTree = "<group>"; };
		84AC67C7184EACC40025B393 /* main.m */ = {isa = PBXFileReference; lastKnownFileType = sourcecode.c.objc; path = main.m; sourceTree = "<group>"; };
		84AC67C9184EACC40025B393 /* R_DesignPatterns(GOF)-Prefix.pch */ = {isa = PBXFileReference; lastKnownFileType = sourcecode.c.h; path = "R_DesignPatterns(GOF)-Prefix.pch"; sourceTree = "<group>"; };
		84AC67CA184EACC40025B393 /* AppDelegate.h */ = {isa = PBXFileReference; lastKnownFileType = sourcecode.c.h; path = AppDelegate.h; sourceTree = "<group>"; };
		84AC67CB184EACC40025B393 /* AppDelegate.m */ = {isa = PBXFileReference; lastKnownFileType = sourcecode.c.objc; path = AppDelegate.m; sourceTree = "<group>"; };
		84AC67CE184EACC40025B393 /* Base */ = {isa = PBXFileReference; lastKnownFileType = file.storyboard; name = Base; path = Base.lproj/Main_iPhone.storyboard; sourceTree = "<group>"; };
		84AC67D1184EACC40025B393 /* Base */ = {isa = PBXFileReference; lastKnownFileType = file.storyboard; name = Base; path = Base.lproj/Main_iPad.storyboard; sourceTree = "<group>"; };
		84AC67D3184EACC40025B393 /* ViewController.h */ = {isa = PBXFileReference; lastKnownFileType = sourcecode.c.h; path = ViewController.h; sourceTree = "<group>"; };
		84AC67D4184EACC40025B393 /* ViewController.m */ = {isa = PBXFileReference; lastKnownFileType = sourcecode.c.objc; path = ViewController.m; sourceTree = "<group>"; };
		84AC67D6184EACC40025B393 /* Images.xcassets */ = {isa = PBXFileReference; lastKnownFileType = folder.assetcatalog; path = Images.xcassets; sourceTree = "<group>"; };
		84AC67DC184EACC40025B393 /* R_DesignPatterns(GOF)Tests.xctest */ = {isa = PBXFileReference; explicitFileType = wrapper.cfbundle; includeInIndex = 0; path = "R_DesignPatterns(GOF)Tests.xctest"; sourceTree = BUILT_PRODUCTS_DIR; };
		84AC67DD184EACC40025B393 /* XCTest.framework */ = {isa = PBXFileReference; lastKnownFileType = wrapper.framework; name = XCTest.framework; path = Library/Frameworks/XCTest.framework; sourceTree = DEVELOPER_DIR; };
		84AC67E5184EACC40025B393 /* R_DesignPatterns(GOF)Tests-Info.plist */ = {isa = PBXFileReference; lastKnownFileType = text.plist.xml; path = "R_DesignPatterns(GOF)Tests-Info.plist"; sourceTree = "<group>"; };
		84AC67E7184EACC40025B393 /* en */ = {isa = PBXFileReference; lastKnownFileType = text.plist.strings; name = en; path = en.lproj/InfoPlist.strings; sourceTree = "<group>"; };
		84AC67E9184EACC40025B393 /* R_DesignPatterns_GOF_Tests.m */ = {isa = PBXFileReference; lastKnownFileType = sourcecode.c.objc; path = R_DesignPatterns_GOF_Tests.m; sourceTree = "<group>"; };
		84AC67F3184EACEC0025B393 /* AbstractFactory.h */ = {isa = PBXFileReference; fileEncoding = 4; lastKnownFileType = sourcecode.c.h; path = AbstractFactory.h; sourceTree = "<group>"; };
		84AC67F4184EACEC0025B393 /* AbstractFactory.m */ = {isa = PBXFileReference; fileEncoding = 4; lastKnownFileType = sourcecode.c.objc; path = AbstractFactory.m; sourceTree = "<group>"; };
		84AC67F6184EB7B90025B393 /* AbstractFactory.png */ = {isa = PBXFileReference; lastKnownFileType = image.png; path = AbstractFactory.png; sourceTree = "<group>"; };
		84AC67F8184EC3030025B393 /* Builder.png */ = {isa = PBXFileReference; lastKnownFileType = image.png; path = Builder.png; sourceTree = "<group>"; };
		84AC67FA184EC3190025B393 /* Builder.h */ = {isa = PBXFileReference; fileEncoding = 4; lastKnownFileType = sourcecode.c.h; path = Builder.h; sourceTree = "<group>"; };
		84AC67FB184EC3190025B393 /* Builder.m */ = {isa = PBXFileReference; fileEncoding = 4; lastKnownFileType = sourcecode.c.objc; path = Builder.m; sourceTree = "<group>"; };
/* End PBXFileReference section */

/* Begin PBXFrameworksBuildPhase section */
		84AC67B5184EACC40025B393 /* Frameworks */ = {
			isa = PBXFrameworksBuildPhase;
			buildActionMask = 2147483647;
			files = (
				84AC67BE184EACC40025B393 /* CoreGraphics.framework in Frameworks */,
				84AC67C0184EACC40025B393 /* UIKit.framework in Frameworks */,
				84AC67BC184EACC40025B393 /* Foundation.framework in Frameworks */,
			);
			runOnlyForDeploymentPostprocessing = 0;
		};
		84AC67D9184EACC40025B393 /* Frameworks */ = {
			isa = PBXFrameworksBuildPhase;
			buildActionMask = 2147483647;
			files = (
				84AC67DE184EACC40025B393 /* XCTest.framework in Frameworks */,
				84AC67E0184EACC40025B393 /* UIKit.framework in Frameworks */,
				84AC67DF184EACC40025B393 /* Foundation.framework in Frameworks */,
			);
			runOnlyForDeploymentPostprocessing = 0;
		};
/* End PBXFrameworksBuildPhase section */

/* Begin PBXGroup section */
		7D9B9E2318606F8500D1C0DA /* Bridge */ = {
			isa = PBXGroup;
			children = (
				7D9B9E2418606FAA00D1C0DA /* Bridge.h */,
				7D9B9E2518606FAA00D1C0DA /* Bridge.m */,
				7D9B9E271860705A00D1C0DA /* Bridge.png */,
			);
			name = Bridge;
			sourceTree = "<group>";
		};
		7D9B9E291860709800D1C0DA /* Creational */ = {
			isa = PBXGroup;
			children = (
				84AC67FD184EC47C0025B393 /* AbstractFactory */,
				84AC67FE184EC4970025B393 /* Builder */,
				84ABA0CE184F71FE0075C72D /* Factory Method */,
				84ABA0D4184F7B080075C72D /* Prototype */,
				84ABA0DA184FAC310075C72D /* Singleton */,
			);
			name = Creational;
			sourceTree = "<group>";
		};
		7D9B9E2A186070AE00D1C0DA /* Structural */ = {
			isa = PBXGroup;
			children = (
				84ABA0E0184FC1BD0075C72D /* Adapter */,
				7D9B9E2318606F8500D1C0DA /* Bridge */,
				7D9B9E471860717800D1C0DA /* Composite */,
				7D9B9E4A186071FD00D1C0DA /* Decorator */,
				7D9B9E4D186072DF00D1C0DA /* Facade */,
				7D9B9E50186073D200D1C0DA /* Flyweight */,
				7D9B9E53186075B600D1C0DA /* Proxy */,
			);
			name = Structural;
			sourceTree = "<group>";
		};
		7D9B9E471860717800D1C0DA /* Composite */ = {
			isa = PBXGroup;
			children = (
				7D9B9E2B186070E100D1C0DA /* Composite.h */,
				7D9B9E2C186070E100D1C0DA /* Composite.m */,
				7D9B9E48186071F600D1C0DA /* Composite.png */,
			);
			name = Composite;
			sourceTree = "<group>";
		};
		7D9B9E4A186071FD00D1C0DA /* Decorator */ = {
			isa = PBXGroup;
			children = (
				7D9B9E2D186070E100D1C0DA /* Decorator.h */,
				7D9B9E2E186070E100D1C0DA /* Decorator.m */,
				7D9B9E4B186072D400D1C0DA /* Decorator.png */,
			);
			name = Decorator;
			sourceTree = "<group>";
		};
		7D9B9E4D186072DF00D1C0DA /* Facade */ = {
			isa = PBXGroup;
			children = (
				7D9B9E2F186070E100D1C0DA /* Facade.h */,
				7D9B9E30186070E100D1C0DA /* Facade.m */,
				7D9B9E4E1860739700D1C0DA /* Facade.png */,
			);
			name = Facade;
			sourceTree = "<group>";
		};
		7D9B9E50186073D200D1C0DA /* Flyweight */ = {
			isa = PBXGroup;
			children = (
				7D9B9E31186070E100D1C0DA /* Flyweight.h */,
				7D9B9E32186070E100D1C0DA /* Flyweight.m */,
				7D9B9E33186070E100D1C0DA /* Flyweight_Dragon.jpeg */,
				7D9B9E34186070E100D1C0DA /* Flyweight_Goblin.jpeg */,
				7D9B9E511860756800D1C0DA /* Flyweight.gif */,
			);
			name = Flyweight;
			sourceTree = "<group>";
		};
		7D9B9E53186075B600D1C0DA /* Proxy */ = {
			isa = PBXGroup;
			children = (
				7D9B9E35186070E100D1C0DA /* Proxy.h */,
				7D9B9E36186070E100D1C0DA /* Proxy.m */,
				7D9B9E561860787A00D1C0DA /* Proxy.png */,
			);
			name = Proxy;
			sourceTree = "<group>";
		};
		7D9B9E58186078A600D1C0DA /* ChainOfResponsibility */ = {
			isa = PBXGroup;
			children = (
				7D9B9E37186070E100D1C0DA /* ChainOfResponsibility.h */,
				7D9B9E38186070E100D1C0DA /* ChainOfResponsibility.m */,
				7D9B9E591860795600D1C0DA /* ChainOfResponsibility.png */,
			);
			name = ChainOfResponsibility;
			sourceTree = "<group>";
		};
		7D9B9E5B186079F900D1C0DA /* Command */ = {
			isa = PBXGroup;
			children = (
				7D9B9E39186070E100D1C0DA /* Command.h */,
				7D9B9E3A186070E100D1C0DA /* Command.m */,
				7D9B9E5C18607A3F00D1C0DA /* Command.gif */,
			);
			name = Command;
			sourceTree = "<group>";
		};
		7D9B9E5E18607A8F00D1C0DA /* Interpreter */ = {
			isa = PBXGroup;
			children = (
				7D9B9E3B186070E100D1C0DA /* Interpreter.h */,
				7D9B9E3C186070E100D1C0DA /* Interpreter.m */,
				7D9B9E5F18607ABC00D1C0DA /* Interpreter.jpg */,
			);
			name = Interpreter;
			sourceTree = "<group>";
		};
		7D9B9E6118607B1F00D1C0DA /* Behavioral */ = {
			isa = PBXGroup;
			children = (
				7D9B9E58186078A600D1C0DA /* ChainOfResponsibility */,
				7D9B9E5B186079F900D1C0DA /* Command */,
				7D9B9E5E18607A8F00D1C0DA /* Interpreter */,
				7D9B9E62186084D900D1C0DA /* Iterator */,
				7D9B9E68186097CD00D1C0DA /* Mediator */,
				7D9B9E6E1860AD4600D1C0DA /* Memento */,
				7DDB4B461861D8E8002509EC /* Observer */,
				7DDB4B4C1861E230002509EC /* State */,
				7DDB4B521861F5B2002509EC /* Strategy */,
				7DDB4B581861FBD3002509EC /* Template */,
				7DDB4B5E18620709002509EC /* Visitor */,
			);
			name = Behavioral;
			sourceTree = "<group>";
		};
		7D9B9E62186084D900D1C0DA /* Iterator */ = {
			isa = PBXGroup;
			children = (
				7D9B9E63186084EF00D1C0DA /* Iterator.h */,
				7D9B9E64186084EF00D1C0DA /* Iterator.m */,
				7D9B9E661860923800D1C0DA /* Iterator.png */,
			);
			name = Iterator;
			sourceTree = "<group>";
		};
		7D9B9E68186097CD00D1C0DA /* Mediator */ = {
			isa = PBXGroup;
			children = (
				7D9B9E69186097EA00D1C0DA /* Mediator.h */,
				7D9B9E6A186097EA00D1C0DA /* Mediator.m */,
				7D9B9E6C18609CA800D1C0DA /* Mediator.png */,
			);
			name = Mediator;
			sourceTree = "<group>";
		};
		7D9B9E6E1860AD4600D1C0DA /* Memento */ = {
			isa = PBXGroup;
			children = (
				7D9B9E6F1860AD5D00D1C0DA /* Memento.h */,
				7D9B9E701860AD5D00D1C0DA /* Memento.m */,
				7D9B9E891860C05C00D1C0DA /* Memento.png */,
			);
			name = Memento;
			sourceTree = "<group>";
		};
		7DDB4B461861D8E8002509EC /* Observer */ = {
			isa = PBXGroup;
			children = (
				7DDB4B471861D8FB002509EC /* Observer.h */,
				7DDB4B481861D8FB002509EC /* Observer.m */,
				7DDB4B4A1861E085002509EC /* Observer.png */,
			);
			name = Observer;
			sourceTree = "<group>";
		};
		7DDB4B4C1861E230002509EC /* State */ = {
			isa = PBXGroup;
			children = (
				7DDB4B4D1861E240002509EC /* State.h */,
				7DDB4B4E1861E240002509EC /* State.m */,
				7DDB4B501861EB5E002509EC /* State.png */,
			);
			name = State;
			sourceTree = "<group>";
		};
		7DDB4B521861F5B2002509EC /* Strategy */ = {
			isa = PBXGroup;
			children = (
				7DDB4B531861F5C8002509EC /* Strategy.h */,
				7DDB4B541861F5C8002509EC /* Strategy.m */,
				7DDB4B561861F9E5002509EC /* Strategy.png */,
			);
			name = Strategy;
			sourceTree = "<group>";
		};
		7DDB4B581861FBD3002509EC /* Template */ = {
			isa = PBXGroup;
			children = (
				7DDB4B591861FBE3002509EC /* Template.h */,
				7DDB4B5A1861FBE3002509EC /* Template.m */,
				7DDB4B5C186203FF002509EC /* Template.png */,
			);
			name = Template;
			sourceTree = "<group>";
		};
		7DDB4B5E18620709002509EC /* Visitor */ = {
			isa = PBXGroup;
			children = (
				7DDB4B5F186207A8002509EC /* Visitor.h */,
				7DDB4B60186207A8002509EC /* Visitor.m */,
				7DDB4B6218620A1E002509EC /* Visitor.png */,
			);
			name = Visitor;
			sourceTree = "<group>";
		};
		84ABA0CE184F71FE0075C72D /* Factory Method */ = {
			isa = PBXGroup;
			children = (
				84ABA0CF184F730D0075C72D /* Factory Method.h */,
				84ABA0D0184F730D0075C72D /* Factory Method.m */,
				84ABA0D2184F77D70075C72D /* FactoryMethod.png */,
			);
			name = "Factory Method";
			sourceTree = "<group>";
		};
		84ABA0D4184F7B080075C72D /* Prototype */ = {
			isa = PBXGroup;
			children = (
				84ABA0D5184F9EEF0075C72D /* Prototype.h */,
				84ABA0D6184F9EEF0075C72D /* Prototype.m */,
				84ABA0D8184FA5F90075C72D /* Prototype.png */,
			);
			name = Prototype;
			sourceTree = "<group>";
		};
		84ABA0DA184FAC310075C72D /* Singleton */ = {
			isa = PBXGroup;
			children = (
				84ABA0DB184FAC4A0075C72D /* Singleton.h */,
				84ABA0DC184FAC4A0075C72D /* Singleton.m */,
				84ABA0DE184FAF3A0075C72D /* Singleton.png */,
			);
			name = Singleton;
			sourceTree = "<group>";
		};
		84ABA0E0184FC1BD0075C72D /* Adapter */ = {
			isa = PBXGroup;
			children = (
				84ABA0E1184FC2130075C72D /* Adapter.h */,
				84ABA0E2184FC2130075C72D /* Adapter.m */,
				84ABA0E4184FD49E0075C72D /* Adapter.png */,
			);
			name = Adapter;
			sourceTree = "<group>";
		};
		84AC67AF184EACC40025B393 = {
			isa = PBXGroup;
			children = (
				84AC67C1184EACC40025B393 /* R_DesignPatterns(GOF) */,
				84AC67E3184EACC40025B393 /* R_DesignPatterns(GOF)Tests */,
				84AC67BA184EACC40025B393 /* Frameworks */,
				84AC67B9184EACC40025B393 /* Products */,
			);
			sourceTree = "<group>";
		};
		84AC67B9184EACC40025B393 /* Products */ = {
			isa = PBXGroup;
			children = (
				84AC67B8184EACC40025B393 /* R_DesignPatterns(GOF).app */,
				84AC67DC184EACC40025B393 /* R_DesignPatterns(GOF)Tests.xctest */,
			);
			name = Products;
			sourceTree = "<group>";
		};
		84AC67BA184EACC40025B393 /* Frameworks */ = {
			isa = PBXGroup;
			children = (
				84AC67BB184EACC40025B393 /* Foundation.framework */,
				84AC67BD184EACC40025B393 /* CoreGraphics.framework */,
				84AC67BF184EACC40025B393 /* UIKit.framework */,
				84AC67DD184EACC40025B393 /* XCTest.framework */,
			);
			name = Frameworks;
			sourceTree = "<group>";
		};
		84AC67C1184EACC40025B393 /* R_DesignPatterns(GOF) */ = {
			isa = PBXGroup;
			children = (
				84AC67CA184EACC40025B393 /* AppDelegate.h */,
				84AC67CB184EACC40025B393 /* AppDelegate.m */,
				84AC67CD184EACC40025B393 /* Main_iPhone.storyboard */,
				84AC67D0184EACC40025B393 /* Main_iPad.storyboard */,
				7D9B9E291860709800D1C0DA /* Creational */,
				7D9B9E2A186070AE00D1C0DA /* Structural */,
				7D9B9E6118607B1F00D1C0DA /* Behavioral */,
				84AC67D3184EACC40025B393 /* ViewController.h */,
				84AC67D4184EACC40025B393 /* ViewController.m */,
				7D9B9E541860771700D1C0DA /* designpatternscard.pdf */,
				84AC67D6184EACC40025B393 /* Images.xcassets */,
				84AC67C2184EACC40025B393 /* Supporting Files */,
			);
			path = "R_DesignPatterns(GOF)";
			sourceTree = "<group>";
		};
		84AC67C2184EACC40025B393 /* Supporting Files */ = {
			isa = PBXGroup;
			children = (
				84AC67C3184EACC40025B393 /* R_DesignPatterns(GOF)-Info.plist */,
				84AC67C4184EACC40025B393 /* InfoPlist.strings */,
				84AC67C7184EACC40025B393 /* main.m */,
				84AC67C9184EACC40025B393 /* R_DesignPatterns(GOF)-Prefix.pch */,
			);
			name = "Supporting Files";
			sourceTree = "<group>";
		};
		84AC67E3184EACC40025B393 /* R_DesignPatterns(GOF)Tests */ = {
			isa = PBXGroup;
			children = (
				84AC67E9184EACC40025B393 /* R_DesignPatterns_GOF_Tests.m */,
				84AC67E4184EACC40025B393 /* Supporting Files */,
			);
			path = "R_DesignPatterns(GOF)Tests";
			sourceTree = "<group>";
		};
		84AC67E4184EACC40025B393 /* Supporting Files */ = {
			isa = PBXGroup;
			children = (
				84AC67E5184EACC40025B393 /* R_DesignPatterns(GOF)Tests-Info.plist */,
				84AC67E6184EACC40025B393 /* InfoPlist.strings */,
			);
			name = "Supporting Files";
			sourceTree = "<group>";
		};
		84AC67FD184EC47C0025B393 /* AbstractFactory */ = {
			isa = PBXGroup;
			children = (
				84AC67F3184EACEC0025B393 /* AbstractFactory.h */,
				84AC67F4184EACEC0025B393 /* AbstractFactory.m */,
				84AC67F6184EB7B90025B393 /* AbstractFactory.png */,
			);
			name = AbstractFactory;
			sourceTree = "<group>";
		};
		84AC67FE184EC4970025B393 /* Builder */ = {
			isa = PBXGroup;
			children = (
				84AC67FA184EC3190025B393 /* Builder.h */,
				84AC67FB184EC3190025B393 /* Builder.m */,
				84AC67F8184EC3030025B393 /* Builder.png */,
			);
			name = Builder;
			sourceTree = "<group>";
		};
/* End PBXGroup section */

/* Begin PBXNativeTarget section */
		84AC67B7184EACC40025B393 /* R_DesignPatterns(GOF) */ = {
			isa = PBXNativeTarget;
			buildConfigurationList = 84AC67ED184EACC40025B393 /* Build configuration list for PBXNativeTarget "R_DesignPatterns(GOF)" */;
			buildPhases = (
				84AC67B4184EACC40025B393 /* Sources */,
				84AC67B5184EACC40025B393 /* Frameworks */,
				84AC67B6184EACC40025B393 /* Resources */,
			);
			buildRules = (
			);
			dependencies = (
			);
			name = "R_DesignPatterns(GOF)";
			productName = "R_DesignPatterns(GOF)";
			productReference = 84AC67B8184EACC40025B393 /* R_DesignPatterns(GOF).app */;
			productType = "com.apple.product-type.application";
		};
		84AC67DB184EACC40025B393 /* R_DesignPatterns(GOF)Tests */ = {
			isa = PBXNativeTarget;
			buildConfigurationList = 84AC67F0184EACC40025B393 /* Build configuration list for PBXNativeTarget "R_DesignPatterns(GOF)Tests" */;
			buildPhases = (
				84AC67D8184EACC40025B393 /* Sources */,
				84AC67D9184EACC40025B393 /* Frameworks */,
				84AC67DA184EACC40025B393 /* Resources */,
			);
			buildRules = (
			);
			dependencies = (
				84AC67E2184EACC40025B393 /* PBXTargetDependency */,
			);
			name = "R_DesignPatterns(GOF)Tests";
			productName = "R_DesignPatterns(GOF)Tests";
			productReference = 84AC67DC184EACC40025B393 /* R_DesignPatterns(GOF)Tests.xctest */;
			productType = "com.apple.product-type.bundle.unit-test";
		};
/* End PBXNativeTarget section */

/* Begin PBXProject section */
		84AC67B0184EACC40025B393 /* Project object */ = {
			isa = PBXProject;
			attributes = {
				LastUpgradeCheck = 0500;
				ORGANIZATIONNAME = RocKK;
				TargetAttributes = {
					84AC67DB184EACC40025B393 = {
						TestTargetID = 84AC67B7184EACC40025B393;
					};
				};
			};
			buildConfigurationList = 84AC67B3184EACC40025B393 /* Build configuration list for PBXProject "R_DesignPatterns(GOF)" */;
			compatibilityVersion = "Xcode 3.2";
			developmentRegion = English;
			hasScannedForEncodings = 0;
			knownRegions = (
				en,
				Base,
			);
			mainGroup = 84AC67AF184EACC40025B393;
			productRefGroup = 84AC67B9184EACC40025B393 /* Products */;
			projectDirPath = "";
			projectRoot = "";
			targets = (
				84AC67B7184EACC40025B393 /* R_DesignPatterns(GOF) */,
				84AC67DB184EACC40025B393 /* R_DesignPatterns(GOF)Tests */,
			);
		};
/* End PBXProject section */

/* Begin PBXResourcesBuildPhase section */
		84AC67B6184EACC40025B393 /* Resources */ = {
			isa = PBXResourcesBuildPhase;
			buildActionMask = 2147483647;
			files = (
				84ABA0D3184F77D70075C72D /* FactoryMethod.png in Resources */,
				7D9B9E4F1860739700D1C0DA /* Facade.png in Resources */,
				7DDB4B6318620A1E002509EC /* Visitor.png in Resources */,
				7D9B9E6018607ABC00D1C0DA /* Interpreter.jpg in Resources */,
				7DDB4B5D186203FF002509EC /* Template.png in Resources */,
				7D9B9E571860787A00D1C0DA /* Proxy.png in Resources */,
				7D9B9E8A1860C05C00D1C0DA /* Memento.png in Resources */,
				84AC67D2184EACC40025B393 /* Main_iPad.storyboard in Resources */,
				7D9B9E4C186072D400D1C0DA /* Decorator.png in Resources */,
				7D9B9E671860923800D1C0DA /* Iterator.png in Resources */,
				7DDB4B511861EB5E002509EC /* State.png in Resources */,
				84AC67D7184EACC40025B393 /* Images.xcassets in Resources */,
				7DDB4B571861F9E5002509EC /* Strategy.png in Resources */,
				7D9B9E551860771700D1C0DA /* designpatternscard.pdf in Resources */,
				84AC67F7184EB7B90025B393 /* AbstractFactory.png in Resources */,
				7D9B9E42186070E100D1C0DA /* Flyweight_Goblin.jpeg in Resources */,
				84AC67CF184EACC40025B393 /* Main_iPhone.storyboard in Resources */,
				7DDB4B4B1861E085002509EC /* Observer.png in Resources */,
				7D9B9E6D18609CA800D1C0DA /* Mediator.png in Resources */,
				7D9B9E5D18607A3F00D1C0DA /* Command.gif in Resources */,
				84ABA0E5184FD49E0075C72D /* Adapter.png in Resources */,
				7D9B9E41186070E100D1C0DA /* Flyweight_Dragon.jpeg in Resources */,
				7D9B9E5A1860795600D1C0DA /* ChainOfResponsibility.png in Resources */,
				84AC67C6184EACC40025B393 /* InfoPlist.strings in Resources */,
				7D9B9E281860705A00D1C0DA /* Bridge.png in Resources */,
				84ABA0DF184FAF3A0075C72D /* Singleton.png in Resources */,
				7D9B9E521860756800D1C0DA /* Flyweight.gif in Resources */,
				7D9B9E49186071F600D1C0DA /* Composite.png in Resources */,
				84ABA0D9184FA5F90075C72D /* Prototype.png in Resources */,
				84AC67F9184EC3030025B393 /* Builder.png in Resources */,
			);
			runOnlyForDeploymentPostprocessing = 0;
		};
		84AC67DA184EACC40025B393 /* Resources */ = {
			isa = PBXResourcesBuildPhase;
			buildActionMask = 2147483647;
			files = (
				84AC67E8184EACC40025B393 /* InfoPlist.strings in Resources */,
			);
			runOnlyForDeploymentPostprocessing = 0;
		};
/* End PBXResourcesBuildPhase section */

/* Begin PBXSourcesBuildPhase section */
		84AC67B4184EACC40025B393 /* Sources */ = {
			isa = PBXSourcesBuildPhase;
			buildActionMask = 2147483647;
			files = (
				84ABA0E3184FC2130075C72D /* Adapter.m in Sources */,
				84ABA0D7184F9EEF0075C72D /* Prototype.m in Sources */,
				7D9B9E2618606FAA00D1C0DA /* Bridge.m in Sources */,
				7D9B9E3F186070E100D1C0DA /* Facade.m in Sources */,
				7DDB4B4F1861E240002509EC /* State.m in Sources */,
				84ABA0DD184FAC4A0075C72D /* Singleton.m in Sources */,
				7D9B9E40186070E100D1C0DA /* Flyweight.m in Sources */,
				7D9B9E43186070E100D1C0DA /* Proxy.m in Sources */,
				7DDB4B61186207A8002509EC /* Visitor.m in Sources */,
				7DDB4B551861F5C8002509EC /* Strategy.m in Sources */,
				84AC67F5184EACEC0025B393 /* AbstractFactory.m in Sources */,
				7D9B9E3E186070E100D1C0DA /* Decorator.m in Sources */,
				84AC67D5184EACC40025B393 /* ViewController.m in Sources */,
				7D9B9E6B186097EA00D1C0DA /* Mediator.m in Sources */,
				7D9B9E46186070E100D1C0DA /* Interpreter.m in Sources */,
				7D9B9E44186070E100D1C0DA /* ChainOfResponsibility.m in Sources */,
				7D9B9E45186070E100D1C0DA /* Command.m in Sources */,
				84ABA0D1184F730D0075C72D /* Factory Method.m in Sources */,
				84AC67CC184EACC40025B393 /* AppDelegate.m in Sources */,
				7D9B9E711860AD5D00D1C0DA /* Memento.m in Sources */,
				84AC67FC184EC3190025B393 /* Builder.m in Sources */,
				84AC67C8184EACC40025B393 /* main.m in Sources */,
				7D9B9E65186084EF00D1C0DA /* Iterator.m in Sources */,
				7DDB4B5B1861FBE3002509EC /* Template.m in Sources */,
				7D9B9E3D186070E100D1C0DA /* Composite.m in Sources */,
				7DDB4B491861D8FB002509EC /* Observer.m in Sources */,
			);
			runOnlyForDeploymentPostprocessing = 0;
		};
		84AC67D8184EACC40025B393 /* Sources */ = {
			isa = PBXSourcesBuildPhase;
			buildActionMask = 2147483647;
			files = (
				84AC67EA184EACC40025B393 /* R_DesignPatterns_GOF_Tests.m in Sources */,
			);
			runOnlyForDeploymentPostprocessing = 0;
		};
/* End PBXSourcesBuildPhase section */

/* Begin PBXTargetDependency section */
		84AC67E2184EACC40025B393 /* PBXTargetDependency */ = {
			isa = PBXTargetDependency;
			target = 84AC67B7184EACC40025B393 /* R_DesignPatterns(GOF) */;
			targetProxy = 84AC67E1184EACC40025B393 /* PBXContainerItemProxy */;
		};
/* End PBXTargetDependency section */

/* Begin PBXVariantGroup section */
		84AC67C4184EACC40025B393 /* InfoPlist.strings */ = {
			isa = PBXVariantGroup;
			children = (
				84AC67C5184EACC40025B393 /* en */,
			);
			name = InfoPlist.strings;
			sourceTree = "<group>";
		};
		84AC67CD184EACC40025B393 /* Main_iPhone.storyboard */ = {
			isa = PBXVariantGroup;
			children = (
				84AC67CE184EACC40025B393 /* Base */,
			);
			name = Main_iPhone.storyboard;
			sourceTree = "<group>";
		};
		84AC67D0184EACC40025B393 /* Main_iPad.storyboard */ = {
			isa = PBXVariantGroup;
			children = (
				84AC67D1184EACC40025B393 /* Base */,
			);
			name = Main_iPad.storyboard;
			sourceTree = "<group>";
		};
		84AC67E6184EACC40025B393 /* InfoPlist.strings */ = {
			isa = PBXVariantGroup;
			children = (
				84AC67E7184EACC40025B393 /* en */,
			);
			name = InfoPlist.strings;
			sourceTree = "<group>";
		};
/* End PBXVariantGroup section */

/* Begin XCBuildConfiguration section */
		84AC67EB184EACC40025B393 /* Debug */ = {
			isa = XCBuildConfiguration;
			buildSettings = {
				ALWAYS_SEARCH_USER_PATHS = NO;
				ARCHS = "$(ARCHS_STANDARD_INCLUDING_64_BIT)";
				CLANG_CXX_LANGUAGE_STANDARD = "gnu++0x";
				CLANG_CXX_LIBRARY = "libc++";
				CLANG_ENABLE_MODULES = YES;
				CLANG_ENABLE_OBJC_ARC = YES;
				CLANG_WARN_BOOL_CONVERSION = YES;
				CLANG_WARN_CONSTANT_CONVERSION = YES;
				CLANG_WARN_DIRECT_OBJC_ISA_USAGE = YES_ERROR;
				CLANG_WARN_EMPTY_BODY = YES;
				CLANG_WARN_ENUM_CONVERSION = YES;
				CLANG_WARN_INT_CONVERSION = YES;
				CLANG_WARN_OBJC_ROOT_CLASS = YES_ERROR;
				CLANG_WARN__DUPLICATE_METHOD_MATCH = YES;
				"CODE_SIGN_IDENTITY[sdk=iphoneos*]" = "iPhone Developer";
				COPY_PHASE_STRIP = NO;
				GCC_C_LANGUAGE_STANDARD = gnu99;
				GCC_DYNAMIC_NO_PIC = NO;
				GCC_OPTIMIZATION_LEVEL = 0;
				GCC_PREPROCESSOR_DEFINITIONS = (
					"DEBUG=1",
					"$(inherited)",
				);
				GCC_SYMBOLS_PRIVATE_EXTERN = NO;
				GCC_WARN_64_TO_32_BIT_CONVERSION = YES;
				GCC_WARN_ABOUT_RETURN_TYPE = YES_ERROR;
				GCC_WARN_UNDECLARED_SELECTOR = YES;
				GCC_WARN_UNINITIALIZED_AUTOS = YES;
				GCC_WARN_UNUSED_FUNCTION = YES;
				GCC_WARN_UNUSED_VARIABLE = YES;
				IPHONEOS_DEPLOYMENT_TARGET = 7.0;
				ONLY_ACTIVE_ARCH = YES;
				SDKROOT = iphoneos;
				TARGETED_DEVICE_FAMILY = "1,2";
			};
			name = Debug;
		};
		84AC67EC184EACC40025B393 /* Release */ = {
			isa = XCBuildConfiguration;
			buildSettings = {
				ALWAYS_SEARCH_USER_PATHS = NO;
				ARCHS = "$(ARCHS_STANDARD_INCLUDING_64_BIT)";
				CLANG_CXX_LANGUAGE_STANDARD = "gnu++0x";
				CLANG_CXX_LIBRARY = "libc++";
				CLANG_ENABLE_MODULES = YES;
				CLANG_ENABLE_OBJC_ARC = YES;
				CLANG_WARN_BOOL_CONVERSION = YES;
				CLANG_WARN_CONSTANT_CONVERSION = YES;
				CLANG_WARN_DIRECT_OBJC_ISA_USAGE = YES_ERROR;
				CLANG_WARN_EMPTY_BODY = YES;
				CLANG_WARN_ENUM_CONVERSION = YES;
				CLANG_WARN_INT_CONVERSION = YES;
				CLANG_WARN_OBJC_ROOT_CLASS = YES_ERROR;
				CLANG_WARN__DUPLICATE_METHOD_MATCH = YES;
				"CODE_SIGN_IDENTITY[sdk=iphoneos*]" = "iPhone Developer";
				COPY_PHASE_STRIP = YES;
				ENABLE_NS_ASSERTIONS = NO;
				GCC_C_LANGUAGE_STANDARD = gnu99;
				GCC_WARN_64_TO_32_BIT_CONVERSION = YES;
				GCC_WARN_ABOUT_RETURN_TYPE = YES_ERROR;
				GCC_WARN_UNDECLARED_SELECTOR = YES;
				GCC_WARN_UNINITIALIZED_AUTOS = YES;
				GCC_WARN_UNUSED_FUNCTION = YES;
				GCC_WARN_UNUSED_VARIABLE = YES;
				IPHONEOS_DEPLOYMENT_TARGET = 7.0;
				SDKROOT = iphoneos;
				TARGETED_DEVICE_FAMILY = "1,2";
				VALIDATE_PRODUCT = YES;
			};
			name = Release;
		};
		84AC67EE184EACC40025B393 /* Debug */ = {
			isa = XCBuildConfiguration;
			buildSettings = {
				ASSETCATALOG_COMPILER_APPICON_NAME = AppIcon;
				ASSETCATALOG_COMPILER_LAUNCHIMAGE_NAME = LaunchImage;
				GCC_PRECOMPILE_PREFIX_HEADER = YES;
				GCC_PREFIX_HEADER = "R_DesignPatterns(GOF)/R_DesignPatterns(GOF)-Prefix.pch";
				INFOPLIST_FILE = "R_DesignPatterns(GOF)/R_DesignPatterns(GOF)-Info.plist";
				PRODUCT_NAME = "$(TARGET_NAME)";
				WRAPPER_EXTENSION = app;
			};
			name = Debug;
		};
		84AC67EF184EACC40025B393 /* Release */ = {
			isa = XCBuildConfiguration;
			buildSettings = {
				ASSETCATALOG_COMPILER_APPICON_NAME = AppIcon;
				ASSETCATALOG_COMPILER_LAUNCHIMAGE_NAME = LaunchImage;
				GCC_PRECOMPILE_PREFIX_HEADER = YES;
				GCC_PREFIX_HEADER = "R_DesignPatterns(GOF)/R_DesignPatterns(GOF)-Prefix.pch";
				INFOPLIST_FILE = "R_DesignPatterns(GOF)/R_DesignPatterns(GOF)-Info.plist";
				PRODUCT_NAME = "$(TARGET_NAME)";
				WRAPPER_EXTENSION = app;
			};
			name = Release;
		};
		84AC67F1184EACC40025B393 /* Debug */ = {
			isa = XCBuildConfiguration;
			buildSettings = {
				ARCHS = "$(ARCHS_STANDARD_INCLUDING_64_BIT)";
				BUNDLE_LOADER = "$(BUILT_PRODUCTS_DIR)/R_DesignPatterns(GOF).app/R_DesignPatterns(GOF)";
				FRAMEWORK_SEARCH_PATHS = (
					"$(SDKROOT)/Developer/Library/Frameworks",
					"$(inherited)",
					"$(DEVELOPER_FRAMEWORKS_DIR)",
				);
				GCC_PRECOMPILE_PREFIX_HEADER = YES;
				GCC_PREFIX_HEADER = "R_DesignPatterns(GOF)/R_DesignPatterns(GOF)-Prefix.pch";
				GCC_PREPROCESSOR_DEFINITIONS = (
					"DEBUG=1",
					"$(inherited)",
				);
				INFOPLIST_FILE = "R_DesignPatterns(GOF)Tests/R_DesignPatterns(GOF)Tests-Info.plist";
				PRODUCT_NAME = "$(TARGET_NAME)";
				TEST_HOST = "$(BUNDLE_LOADER)";
				WRAPPER_EXTENSION = xctest;
			};
			name = Debug;
		};
		84AC67F2184EACC40025B393 /* Release */ = {
			isa = XCBuildConfiguration;
			buildSettings = {
				ARCHS = "$(ARCHS_STANDARD_INCLUDING_64_BIT)";
				BUNDLE_LOADER = "$(BUILT_PRODUCTS_DIR)/R_DesignPatterns(GOF).app/R_DesignPatterns(GOF)";
				FRAMEWORK_SEARCH_PATHS = (
					"$(SDKROOT)/Developer/Library/Frameworks",
					"$(inherited)",
					"$(DEVELOPER_FRAMEWORKS_DIR)",
				);
				GCC_PRECOMPILE_PREFIX_HEADER = YES;
				GCC_PREFIX_HEADER = "R_DesignPatterns(GOF)/R_DesignPatterns(GOF)-Prefix.pch";
				INFOPLIST_FILE = "R_DesignPatterns(GOF)Tests/R_DesignPatterns(GOF)Tests-Info.plist";
				PRODUCT_NAME = "$(TARGET_NAME)";
				TEST_HOST = "$(BUNDLE_LOADER)";
				WRAPPER_EXTENSION = xctest;
			};
			name = Release;
		};
/* End XCBuildConfiguration section */

/* Begin XCConfigurationList section */
		84AC67B3184EACC40025B393 /* Build configuration list for PBXProject "R_DesignPatterns(GOF)" */ = {
			isa = XCConfigurationList;
			buildConfigurations = (
				84AC67EB184EACC40025B393 /* Debug */,
				84AC67EC184EACC40025B393 /* Release */,
			);
			defaultConfigurationIsVisible = 0;
			defaultConfigurationName = Release;
		};
		84AC67ED184EACC40025B393 /* Build configuration list for PBXNativeTarget "R_DesignPatterns(GOF)" */ = {
			isa = XCConfigurationList;
			buildConfigurations = (
				84AC67EE184EACC40025B393 /* Debug */,
				84AC67EF184EACC40025B393 /* Release */,
			);
			defaultConfigurationIsVisible = 0;
			defaultConfigurationName = Release;
		};
		84AC67F0184EACC40025B393 /* Build configuration list for PBXNativeTarget "R_DesignPatterns(GOF)Tests" */ = {
			isa = XCConfigurationList;
			buildConfigurations = (
				84AC67F1184EACC40025B393 /* Debug */,
				84AC67F2184EACC40025B393 /* Release */,
			);
			defaultConfigurationIsVisible = 0;
			defaultConfigurationName = Release;
		};
/* End XCConfigurationList section */
	};
	rootObject = 84AC67B0184EACC40025B393 /* Project object */;
}
